// !$*UTF8*$!
{
	archiveVersion = 1;
	classes = {
	};
	objectVersion = 46;
	objects = {

/* Begin PBXBuildFile section */
		648038DE1614007900245C0C /* Cocoa.framework in Frameworks */ = {isa = PBXBuildFile; fileRef = 648038DD1614007900245C0C /* Cocoa.framework */; };
		648038E01614007900245C0C /* Python.framework in Frameworks */ = {isa = PBXBuildFile; fileRef = 648038DF1614007900245C0C /* Python.framework */; };
		648038EA1614007900245C0C /* InfoPlist.strings in Resources */ = {isa = PBXBuildFile; fileRef = 648038E81614007900245C0C /* InfoPlist.strings */; };
		648038EC1614007900245C0C /* main.m in Sources */ = {isa = PBXBuildFile; fileRef = 648038EB1614007900245C0C /* main.m */; };
		648038F01614007900245C0C /* Credits.rtf in Resources */ = {isa = PBXBuildFile; fileRef = 648038EE1614007900245C0C /* Credits.rtf */; };
		648038F21614007900245C0C /* main.py in Resources */ = {isa = PBXBuildFile; fileRef = 648038F11614007900245C0C /* main.py */; };
		648038F41614007900245C0C /* EpicAppDelegate.py in Resources */ = {isa = PBXBuildFile; fileRef = 648038F31614007900245C0C /* EpicAppDelegate.py */; };
		648038F71614007A00245C0C /* MainMenu.xib in Resources */ = {isa = PBXBuildFile; fileRef = 648038F51614007A00245C0C /* MainMenu.xib */; };
/* End PBXBuildFile section */

/* Begin PBXFileReference section */
		648038D91614007900245C0C /* Teehee.app */ = {isa = PBXFileReference; explicitFileType = wrapper.application; includeInIndex = 0; path = Teehee.app; sourceTree = BUILT_PRODUCTS_DIR; };
		648038DD1614007900245C0C /* Cocoa.framework */ = {isa = PBXFileReference; lastKnownFileType = wrapper.framework; name = Cocoa.framework; path = System/Library/Frameworks/Cocoa.framework; sourceTree = SDKROOT; };
		648038DF1614007900245C0C /* Python.framework */ = {isa = PBXFileReference; lastKnownFileType = wrapper.framework; name = Python.framework; path = System/Library/Frameworks/Python.framework; sourceTree = SDKROOT; };
		648038E21614007900245C0C /* AppKit.framework */ = {isa = PBXFileReference; lastKnownFileType = wrapper.framework; name = AppKit.framework; path = System/Library/Frameworks/AppKit.framework; sourceTree = SDKROOT; };
		648038E31614007900245C0C /* CoreData.framework */ = {isa = PBXFileReference; lastKnownFileType = wrapper.framework; name = CoreData.framework; path = System/Library/Frameworks/CoreData.framework; sourceTree = SDKROOT; };
		648038E41614007900245C0C /* Foundation.framework */ = {isa = PBXFileReference; lastKnownFileType = wrapper.framework; name = Foundation.framework; path = System/Library/Frameworks/Foundation.framework; sourceTree = SDKROOT; };
		648038E71614007900245C0C /* Teehee-Info.plist */ = {isa = PBXFileReference; lastKnownFileType = text.plist.xml; path = "Teehee-Info.plist"; sourceTree = "<group>"; };
		648038E91614007900245C0C /* en */ = {isa = PBXFileReference; lastKnownFileType = text.plist.strings; name = en; path = en.lproj/InfoPlist.strings; sourceTree = "<group>"; };
		648038EB1614007900245C0C /* main.m */ = {isa = PBXFileReference; lastKnownFileType = sourcecode.c.objc; path = main.m; sourceTree = "<group>"; };
		648038ED1614007900245C0C /* Teehee-Prefix.pch */ = {isa = PBXFileReference; lastKnownFileType = sourcecode.c.h; path = "Teehee-Prefix.pch"; sourceTree = "<group>"; };
		648038EF1614007900245C0C /* en */ = {isa = PBXFileReference; lastKnownFileType = text.rtf; name = en; path = en.lproj/Credits.rtf; sourceTree = "<group>"; };
		648038F11614007900245C0C /* main.py */ = {isa = PBXFileReference; lastKnownFileType = text.script.python; path = main.py; sourceTree = "<group>"; };
		648038F31614007900245C0C /* EpicAppDelegate.py */ = {isa = PBXFileReference; lastKnownFileType = text.script.python; path = EpicAppDelegate.py; sourceTree = "<group>"; };
		648038F61614007A00245C0C /* en */ = {isa = PBXFileReference; lastKnownFileType = file.xib; name = en; path = en.lproj/MainMenu.xib; sourceTree = "<group>"; };
/* End PBXFileReference section */

/* Begin PBXFrameworksBuildPhase section */
		648038D61614007900245C0C /* Frameworks */ = {
			isa = PBXFrameworksBuildPhase;
			buildActionMask = 2147483647;
			files = (
				648038DE1614007900245C0C /* Cocoa.framework in Frameworks */,
				648038E01614007900245C0C /* Python.framework in Frameworks */,
			);
			runOnlyForDeploymentPostprocessing = 0;
		};
/* End PBXFrameworksBuildPhase section */

/* Begin PBXGroup section */
		648038CE1614007900245C0C = {
			isa = PBXGroup;
			children = (
				648038E51614007900245C0C /* Teehee */,
				648038DC1614007900245C0C /* Frameworks */,
				648038DA1614007900245C0C /* Products */,
			);
			sourceTree = "<group>";
		};
		648038DA1614007900245C0C /* Products */ = {
			isa = PBXGroup;
			children = (
				648038D91614007900245C0C /* Teehee.app */,
			);
			name = Products;
			sourceTree = "<group>";
		};
		648038DC1614007900245C0C /* Frameworks */ = {
			isa = PBXGroup;
			children = (
				648038DD1614007900245C0C /* Cocoa.framework */,
				648038DF1614007900245C0C /* Python.framework */,
				648038E11614007900245C0C /* Other Frameworks */,
			);
			name = Frameworks;
			sourceTree = "<group>";
		};
		648038E11614007900245C0C /* Other Frameworks */ = {
			isa = PBXGroup;
			children = (
				648038E21614007900245C0C /* AppKit.framework */,
				648038E31614007900245C0C /* CoreData.framework */,
				648038E41614007900245C0C /* Foundation.framework */,
			);
			name = "Other Frameworks";
			sourceTree = "<group>";
		};
		648038E51614007900245C0C /* Teehee */ = {
			isa = PBXGroup;
			children = (
				648038F11614007900245C0C /* main.py */,
				648038F31614007900245C0C /* EpicAppDelegate.py */,
				648038F51614007A00245C0C /* MainMenu.xib */,
				648038E61614007900245C0C /* Supporting Files */,
			);
			path = Teehee;
			sourceTree = "<group>";
		};
		648038E61614007900245C0C /* Supporting Files */ = {
			isa = PBXGroup;
			children = (
				648038E71614007900245C0C /* Teehee-Info.plist */,
				648038E81614007900245C0C /* InfoPlist.strings */,
				648038EB1614007900245C0C /* main.m */,
				648038ED1614007900245C0C /* Teehee-Prefix.pch */,
				648038EE1614007900245C0C /* Credits.rtf */,
			);
			name = "Supporting Files";
			sourceTree = "<group>";
		};
/* End PBXGroup section */

/* Begin PBXNativeTarget section */
		648038D81614007900245C0C /* Teehee */ = {
			isa = PBXNativeTarget;
			buildConfigurationList = 648038FA1614007A00245C0C /* Build configuration list for PBXNativeTarget "Teehee" */;
			buildPhases = (
				648038D51614007900245C0C /* Sources */,
				648038D61614007900245C0C /* Frameworks */,
				648038D71614007900245C0C /* Resources */,
			);
			buildRules = (
			);
			dependencies = (
			);
			name = Teehee;
			productName = Teehee;
			productReference = 648038D91614007900245C0C /* Teehee.app */;
			productType = "com.apple.product-type.application";
		};
/* End PBXNativeTarget section */

/* Begin PBXProject section */
		648038D01614007900245C0C /* Project object */ = {
			isa = PBXProject;
			attributes = {
				CLASSPREFIX = Epic;
				LastUpgradeCheck = 0450;
				ORGANIZATIONNAME = nottooshabby;
			};
			buildConfigurationList = 648038D31614007900245C0C /* Build configuration list for PBXProject "Teehee" */;
			compatibilityVersion = "Xcode 3.2";
			developmentRegion = English;
			hasScannedForEncodings = 0;
			knownRegions = (
				en,
			);
			mainGroup = 648038CE1614007900245C0C;
			productRefGroup = 648038DA1614007900245C0C /* Products */;
			projectDirPath = "";
			projectRoot = "";
			targets = (
				648038D81614007900245C0C /* Teehee */,
			);
		};
/* End PBXProject section */

/* Begin PBXResourcesBuildPhase section */
		648038D71614007900245C0C /* Resources */ = {
			isa = PBXResourcesBuildPhase;
			buildActionMask = 2147483647;
			files = (
				648038EA1614007900245C0C /* InfoPlist.strings in Resources */,
				648038F01614007900245C0C /* Credits.rtf in Resources */,
				648038F21614007900245C0C /* main.py in Resources */,
				648038F41614007900245C0C /* EpicAppDelegate.py in Resources */,
				648038F71614007A00245C0C /* MainMenu.xib in Resources */,
			);
			runOnlyForDeploymentPostprocessing = 0;
		};
/* End PBXResourcesBuildPhase section */

/* Begin PBXSourcesBuildPhase section */
		648038D51614007900245C0C /* Sources */ = {
			isa = PBXSourcesBuildPhase;
			buildActionMask = 2147483647;
			files = (
				648038EC1614007900245C0C /* main.m in Sources */,
			);
			runOnlyForDeploymentPostprocessing = 0;
		};
/* End PBXSourcesBuildPhase section */

/* Begin PBXVariantGroup section */
		648038E81614007900245C0C /* InfoPlist.strings */ = {
			isa = PBXVariantGroup;
			children = (
				648038E91614007900245C0C /* en */,
			);
			name = InfoPlist.strings;
			sourceTree = "<group>";
		};
		648038EE1614007900245C0C /* Credits.rtf */ = {
			isa = PBXVariantGroup;
			children = (
				648038EF1614007900245C0C /* en */,
			);
			name = Credits.rtf;
			sourceTree = "<group>";
		};
		648038F51614007A00245C0C /* MainMenu.xib */ = {
			isa = PBXVariantGroup;
			children = (
				648038F61614007A00245C0C /* en */,
			);
			name = MainMenu.xib;
			sourceTree = "<group>";
		};
/* End PBXVariantGroup section */

/* Begin XCBuildConfiguration section */
		648038F81614007A00245C0C /* Debug */ = {
			isa = XCBuildConfiguration;
			buildSettings = {
				ALWAYS_SEARCH_USER_PATHS = NO;
				ARCHS = "$(ARCHS_STANDARD_64_BIT)";
				CLANG_CXX_LANGUAGE_STANDARD = "gnu++0x";
				CLANG_CXX_LIBRARY = "libc++";
				CLANG_WARN_EMPTY_BODY = YES;
				CLANG_WARN__DUPLICATE_METHOD_MATCH = YES;
				COPY_PHASE_STRIP = NO;
				GCC_C_LANGUAGE_STANDARD = gnu99;
				GCC_DYNAMIC_NO_PIC = NO;
				GCC_ENABLE_OBJC_EXCEPTIONS = YES;
				GCC_OPTIMIZATION_LEVEL = 0;
				GCC_PREPROCESSOR_DEFINITIONS = (
					"DEBUG=1",
					"$(inherited)",
				);
				GCC_SYMBOLS_PRIVATE_EXTERN = NO;
				GCC_WARN_64_TO_32_BIT_CONVERSION = YES;
				GCC_WARN_ABOUT_RETURN_TYPE = YES;
				GCC_WARN_UNINITIALIZED_AUTOS = YES;
				GCC_WARN_UNUSED_VARIABLE = YES;
				MACOSX_DEPLOYMENT_TARGET = 10.8;
				ONLY_ACTIVE_ARCH = YES;
				SDKROOT = macosx;
			};
			name = Debug;
		};
		648038F91614007A00245C0C /* Release */ = {
			isa = XCBuildConfiguration;
			buildSettings = {
				ALWAYS_SEARCH_USER_PATHS = NO;
				ARCHS = "$(ARCHS_STANDARD_64_BIT)";
				CLANG_CXX_LANGUAGE_STANDARD = "gnu++0x";
				CLANG_CXX_LIBRARY = "libc++";
				CLANG_WARN_EMPTY_BODY = YES;
				CLANG_WARN__DUPLICATE_METHOD_MATCH = YES;
				COPY_PHASE_STRIP = YES;
				DEBUG_INFORMATION_FORMAT = "dwarf-with-dsym";
				GCC_C_LANGUAGE_STANDARD = gnu99;
				GCC_ENABLE_OBJC_EXCEPTIONS = YES;
				GCC_WARN_64_TO_32_BIT_CONVERSION = YES;
				GCC_WARN_ABOUT_RETURN_TYPE = YES;
				GCC_WARN_UNINITIALIZED_AUTOS = YES;
				GCC_WARN_UNUSED_VARIABLE = YES;
				MACOSX_DEPLOYMENT_TARGET = 10.8;
				SDKROOT = macosx;
			};
			name = Release;
		};
		648038FB1614007A00245C0C /* Debug */ = {
			isa = XCBuildConfiguration;
			buildSettings = {
				GCC_PRECOMPILE_PREFIX_HEADER = YES;
				GCC_PREFIX_HEADER = "Teehee/Teehee-Prefix.pch";
				INFOPLIST_FILE = "Teehee/Teehee-Info.plist";
				PRODUCT_NAME = "$(TARGET_NAME)";
				WRAPPER_EXTENSION = app;
			};
			name = Debug;
		};
		648038FC1614007A00245C0C /* Release */ = {
			isa = XCBuildConfiguration;
			buildSettings = {
				GCC_PRECOMPILE_PREFIX_HEADER = YES;
				GCC_PREFIX_HEADER = "Teehee/Teehee-Prefix.pch";
				INFOPLIST_FILE = "Teehee/Teehee-Info.plist";
				PRODUCT_NAME = "$(TARGET_NAME)";
				WRAPPER_EXTENSION = app;
			};
			name = Release;
		};
/* End XCBuildConfiguration section */

/* Begin XCConfigurationList section */
		648038D31614007900245C0C /* Build configuration list for PBXProject "Teehee" */ = {
			isa = XCConfigurationList;
			buildConfigurations = (
				648038F81614007A00245C0C /* Debug */,
				648038F91614007A00245C0C /* Release */,
			);
			defaultConfigurationIsVisible = 0;
			defaultConfigurationName = Release;
		};
		648038FA1614007A00245C0C /* Build configuration list for PBXNativeTarget "Teehee" */ = {
			isa = XCConfigurationList;
			buildConfigurations = (
				648038FB1614007A00245C0C /* Debug */,
				648038FC1614007A00245C0C /* Release */,
			);
			defaultConfigurationIsVisible = 0;
		};
/* End XCConfigurationList section */
	};
	rootObject = 648038D01614007900245C0C /* Project object */;
}
